
Microsoft Visual Studio Solution File, Format Version 12.00
# Visual Studio Version 17
VisualStudioVersion = 17.14.36414.22 d17.14
MinimumVisualStudioVersion = 10.0.40219.1
Project("{FAE04EC0-301F-11D3-BF4B-00C04F79EFBC}") = "Desafio Mini Sistema de Portfólio de Investimentos", "Desafio Mini Sistema de Portfólio de Investimentos\Desafio Mini Sistema de Portfólio de Investimentos.csproj", "{3559D5CF-162B-4D62-85C1-E609D4293A1F}"
EndProject
Global
	GlobalSection(SolutionConfigurationPlatforms) = preSolution
		Debug|Any CPU = Debug|Any CPU
		Release|Any CPU = Release|Any CPU
	EndGlobalSection
	GlobalSection(ProjectConfigurationPlatforms) = postSolution
		{3559D5CF-162B-4D62-85C1-E609D4293A1F}.Debug|Any CPU.ActiveCfg = Debug|Any CPU
		{3559D5CF-162B-4D62-85C1-E609D4293A1F}.Debug|Any CPU.Build.0 = Debug|Any CPU
		{3559D5CF-162B-4D62-85C1-E609D4293A1F}.Release|Any CPU.ActiveCfg = Release|Any CPU
		{3559D5CF-162B-4D62-85C1-E609D4293A1F}.Release|Any CPU.Build.0 = Release|Any CPU
	EndGlobalSection
	GlobalSection(SolutionProperties) = preSolution
		HideSolutionNode = FALSE
	EndGlobalSection
	GlobalSection(ExtensibilityGlobals) = postSolution
		SolutionGuid = {EA732D4A-FC6C-4F9F-97D4-1FC406271E47}
	EndGlobalSection
EndGlobal
